// !$*UTF8*$!
{
	archiveVersion = 1;
	classes = {
	};
	objectVersion = 46;
	objects = {

/* Begin PBXBuildFile section */
		4F7464511DBE042200D07A03 /* Alamofire.framework in Frameworks */ = {isa = PBXBuildFile; fileRef = 4F7464501DBE042200D07A03 /* Alamofire.framework */; };
		4F7464531DBE22D300D07A03 /* ReactiveSwift.framework in Frameworks */ = {isa = PBXBuildFile; fileRef = 4F7464521DBE22D300D07A03 /* ReactiveSwift.framework */; };
		4F7464591DBE249B00D07A03 /* Alamofire.framework in Embed Frameworks */ = {isa = PBXBuildFile; fileRef = 4F7464501DBE042200D07A03 /* Alamofire.framework */; settings = {ATTRIBUTES = (CodeSignOnCopy, RemoveHeadersOnCopy, ); }; };
		4F74645C1DBE24AF00D07A03 /* ReactiveSwift.framework in Embed Frameworks */ = {isa = PBXBuildFile; fileRef = 4F7464521DBE22D300D07A03 /* ReactiveSwift.framework */; settings = {ATTRIBUTES = (CodeSignOnCopy, RemoveHeadersOnCopy, ); }; };
		4F74645D1DBE24C200D07A03 /* Result.framework in Frameworks */ = {isa = PBXBuildFile; fileRef = 4F7464541DBE22E000D07A03 /* Result.framework */; };
		4F74645E1DBE24C200D07A03 /* Result.framework in Embed Frameworks */ = {isa = PBXBuildFile; fileRef = 4F7464541DBE22E000D07A03 /* Result.framework */; settings = {ATTRIBUTES = (CodeSignOnCopy, RemoveHeadersOnCopy, ); }; };
		4F74645F1DBE24D100D07A03 /* ReactiveCocoa.framework in Frameworks */ = {isa = PBXBuildFile; fileRef = 4F7464561DBE22E500D07A03 /* ReactiveCocoa.framework */; };
		4F7464601DBE24D100D07A03 /* ReactiveCocoa.framework in Embed Frameworks */ = {isa = PBXBuildFile; fileRef = 4F7464561DBE22E500D07A03 /* ReactiveCocoa.framework */; settings = {ATTRIBUTES = (CodeSignOnCopy, RemoveHeadersOnCopy, ); }; };
		4F7464811DBE9BCE00D07A03 /* HelperAssembly.swift in Sources */ = {isa = PBXBuildFile; fileRef = 4F7464801DBE9BCE00D07A03 /* HelperAssembly.swift */; };
		4F7464841DBE9C0A00D07A03 /* ApplicationAssembly.swift in Sources */ = {isa = PBXBuildFile; fileRef = 4F7464831DBE9C0A00D07A03 /* ApplicationAssembly.swift */; };
		4F7464861DBE9C2C00D07A03 /* UserStoryAssemblyBase.swift in Sources */ = {isa = PBXBuildFile; fileRef = 4F7464851DBE9C2C00D07A03 /* UserStoryAssemblyBase.swift */; };
		4F7464881DBE9D7E00D07A03 /* AuthorizationUserStoryAssembly.swift in Sources */ = {isa = PBXBuildFile; fileRef = 4F7464871DBE9D7E00D07A03 /* AuthorizationUserStoryAssembly.swift */; };
		4F74648B1DBE9DF400D07A03 /* AuthorizationStory.storyboard in Resources */ = {isa = PBXBuildFile; fileRef = 4F74648A1DBE9DF400D07A03 /* AuthorizationStory.storyboard */; };
		4F74648E1DBE9EE000D07A03 /* AuthorizationViewController.swift in Sources */ = {isa = PBXBuildFile; fileRef = 4F74648D1DBE9EE000D07A03 /* AuthorizationViewController.swift */; };
		4F7464911DBEA4DB00D07A03 /* AuthorizationRouter.swift in Sources */ = {isa = PBXBuildFile; fileRef = 4F7464901DBEA4DB00D07A03 /* AuthorizationRouter.swift */; };
		4F7464A11DBFE61D00D07A03 /* Swinject.framework in Frameworks */ = {isa = PBXBuildFile; fileRef = 4F74649F1DBFE60C00D07A03 /* Swinject.framework */; };
		4F7464A21DBFE61D00D07A03 /* Swinject.framework in Embed Frameworks */ = {isa = PBXBuildFile; fileRef = 4F74649F1DBFE60C00D07A03 /* Swinject.framework */; settings = {ATTRIBUTES = (CodeSignOnCopy, RemoveHeadersOnCopy, ); }; };
		4F7464A51DBFE62800D07A03 /* SwinjectStoryboard.framework in Frameworks */ = {isa = PBXBuildFile; fileRef = 4F7464A31DBFE62200D07A03 /* SwinjectStoryboard.framework */; };
		4F7464A61DBFE62800D07A03 /* SwinjectStoryboard.framework in Embed Frameworks */ = {isa = PBXBuildFile; fileRef = 4F7464A31DBFE62200D07A03 /* SwinjectStoryboard.framework */; settings = {ATTRIBUTES = (CodeSignOnCopy, RemoveHeadersOnCopy, ); }; };
		4F7464A81DBFE70600D07A03 /* SwinjectStoryboard+Setup.swift in Sources */ = {isa = PBXBuildFile; fileRef = 4F7464A71DBFE70600D07A03 /* SwinjectStoryboard+Setup.swift */; };
		4F8D95901DA68AC500657106 /* InitialStory.storyboard in Resources */ = {isa = PBXBuildFile; fileRef = 4F8D958E1DA68AC500657106 /* InitialStory.storyboard */; };
		4F8D95941DA68CB600657106 /* InitialViewController.swift in Sources */ = {isa = PBXBuildFile; fileRef = 4F8D95931DA68CB600657106 /* InitialViewController.swift */; };
		4F8D95981DA693D400657106 /* InitialViewModel.swift in Sources */ = {isa = PBXBuildFile; fileRef = 4F8D95971DA693D400657106 /* InitialViewModel.swift */; };
		4F8D959A1DA6944400657106 /* InitialUserStoryAssembly.swift in Sources */ = {isa = PBXBuildFile; fileRef = 4F8D95991DA6944400657106 /* InitialUserStoryAssembly.swift */; };
		4FB77A991DA44D1600C782B0 /* AppDelegate.swift in Sources */ = {isa = PBXBuildFile; fileRef = 4FB77A981DA44D1600C782B0 /* AppDelegate.swift */; };
		4FB77AA01DA44D1600C782B0 /* Assets.xcassets in Resources */ = {isa = PBXBuildFile; fileRef = 4FB77A9F1DA44D1600C782B0 /* Assets.xcassets */; };
		4FB77AA31DA44D1600C782B0 /* LaunchScreen.storyboard in Resources */ = {isa = PBXBuildFile; fileRef = 4FB77AA11DA44D1600C782B0 /* LaunchScreen.storyboard */; };
		4FB77AAE1DA44D1600C782B0 /* LostifyTests.swift in Sources */ = {isa = PBXBuildFile; fileRef = 4FB77AAD1DA44D1600C782B0 /* LostifyTests.swift */; };
/* End PBXBuildFile section */

/* Begin PBXContainerItemProxy section */
		4FB77AAA1DA44D1600C782B0 /* PBXContainerItemProxy */ = {
			isa = PBXContainerItemProxy;
			containerPortal = 4FB77A8D1DA44D1500C782B0 /* Project object */;
			proxyType = 1;
			remoteGlobalIDString = 4FB77A941DA44D1500C782B0;
			remoteInfo = Lostify;
		};
/* End PBXContainerItemProxy section */

/* Begin PBXCopyFilesBuildPhase section */
		4F74645A1DBE249B00D07A03 /* Embed Frameworks */ = {
			isa = PBXCopyFilesBuildPhase;
			buildActionMask = 2147483647;
			dstPath = "";
			dstSubfolderSpec = 10;
			files = (
				4F74645E1DBE24C200D07A03 /* Result.framework in Embed Frameworks */,
				4F7464591DBE249B00D07A03 /* Alamofire.framework in Embed Frameworks */,
				4F7464A61DBFE62800D07A03 /* SwinjectStoryboard.framework in Embed Frameworks */,
				4F74645C1DBE24AF00D07A03 /* ReactiveSwift.framework in Embed Frameworks */,
				4F7464A21DBFE61D00D07A03 /* Swinject.framework in Embed Frameworks */,
				4F7464601DBE24D100D07A03 /* ReactiveCocoa.framework in Embed Frameworks */,
			);
			name = "Embed Frameworks";
			runOnlyForDeploymentPostprocessing = 0;
		};
/* End PBXCopyFilesBuildPhase section */

/* Begin PBXFileReference section */
		4F7464501DBE042200D07A03 /* Alamofire.framework */ = {isa = PBXFileReference; lastKnownFileType = wrapper.framework; name = Alamofire.framework; path = Carthage/Build/iOS/Alamofire.framework; sourceTree = "<group>"; };
		4F7464521DBE22D300D07A03 /* ReactiveSwift.framework */ = {isa = PBXFileReference; lastKnownFileType = wrapper.framework; name = ReactiveSwift.framework; path = Carthage/Build/iOS/ReactiveSwift.framework; sourceTree = "<group>"; };
		4F7464541DBE22E000D07A03 /* Result.framework */ = {isa = PBXFileReference; lastKnownFileType = wrapper.framework; name = Result.framework; path = Carthage/Build/iOS/Result.framework; sourceTree = "<group>"; };
		4F7464561DBE22E500D07A03 /* ReactiveCocoa.framework */ = {isa = PBXFileReference; lastKnownFileType = wrapper.framework; name = ReactiveCocoa.framework; path = Carthage/Build/iOS/ReactiveCocoa.framework; sourceTree = "<group>"; };
		4F7464801DBE9BCE00D07A03 /* HelperAssembly.swift */ = {isa = PBXFileReference; fileEncoding = 4; lastKnownFileType = sourcecode.swift; path = HelperAssembly.swift; sourceTree = "<group>"; };
		4F7464831DBE9C0A00D07A03 /* ApplicationAssembly.swift */ = {isa = PBXFileReference; fileEncoding = 4; lastKnownFileType = sourcecode.swift; path = ApplicationAssembly.swift; sourceTree = "<group>"; };
		4F7464851DBE9C2C00D07A03 /* UserStoryAssemblyBase.swift */ = {isa = PBXFileReference; fileEncoding = 4; lastKnownFileType = sourcecode.swift; path = UserStoryAssemblyBase.swift; sourceTree = "<group>"; };
		4F7464871DBE9D7E00D07A03 /* AuthorizationUserStoryAssembly.swift */ = {isa = PBXFileReference; fileEncoding = 4; lastKnownFileType = sourcecode.swift; path = AuthorizationUserStoryAssembly.swift; sourceTree = "<group>"; };
		4F74648A1DBE9DF400D07A03 /* AuthorizationStory.storyboard */ = {isa = PBXFileReference; fileEncoding = 4; lastKnownFileType = file.storyboard; path = AuthorizationStory.storyboard; sourceTree = "<group>"; };
		4F74648D1DBE9EE000D07A03 /* AuthorizationViewController.swift */ = {isa = PBXFileReference; fileEncoding = 4; lastKnownFileType = sourcecode.swift; path = AuthorizationViewController.swift; sourceTree = "<group>"; };
		4F7464901DBEA4DB00D07A03 /* AuthorizationRouter.swift */ = {isa = PBXFileReference; fileEncoding = 4; lastKnownFileType = sourcecode.swift; path = AuthorizationRouter.swift; sourceTree = "<group>"; };
		4F74649F1DBFE60C00D07A03 /* Swinject.framework */ = {isa = PBXFileReference; lastKnownFileType = wrapper.framework; name = Swinject.framework; path = Carthage/Build/iOS/Swinject.framework; sourceTree = "<group>"; };
		4F7464A31DBFE62200D07A03 /* SwinjectStoryboard.framework */ = {isa = PBXFileReference; lastKnownFileType = wrapper.framework; name = SwinjectStoryboard.framework; path = Carthage/Build/iOS/SwinjectStoryboard.framework; sourceTree = "<group>"; };
		4F7464A71DBFE70600D07A03 /* SwinjectStoryboard+Setup.swift */ = {isa = PBXFileReference; fileEncoding = 4; lastKnownFileType = sourcecode.swift; path = "SwinjectStoryboard+Setup.swift"; sourceTree = "<group>"; };
		4F8D958E1DA68AC500657106 /* InitialStory.storyboard */ = {isa = PBXFileReference; fileEncoding = 4; lastKnownFileType = file.storyboard; path = InitialStory.storyboard; sourceTree = "<group>"; };
		4F8D95931DA68CB600657106 /* InitialViewController.swift */ = {isa = PBXFileReference; fileEncoding = 4; lastKnownFileType = sourcecode.swift; path = InitialViewController.swift; sourceTree = "<group>"; };
		4F8D95971DA693D400657106 /* InitialViewModel.swift */ = {isa = PBXFileReference; fileEncoding = 4; lastKnownFileType = sourcecode.swift; path = InitialViewModel.swift; sourceTree = "<group>"; };
		4F8D95991DA6944400657106 /* InitialUserStoryAssembly.swift */ = {isa = PBXFileReference; fileEncoding = 4; lastKnownFileType = sourcecode.swift; path = InitialUserStoryAssembly.swift; sourceTree = "<group>"; };
		4FB77A951DA44D1600C782B0 /* Lostify.app */ = {isa = PBXFileReference; explicitFileType = wrapper.application; includeInIndex = 0; path = Lostify.app; sourceTree = BUILT_PRODUCTS_DIR; };
		4FB77A981DA44D1600C782B0 /* AppDelegate.swift */ = {isa = PBXFileReference; lastKnownFileType = sourcecode.swift; path = AppDelegate.swift; sourceTree = "<group>"; };
		4FB77A9F1DA44D1600C782B0 /* Assets.xcassets */ = {isa = PBXFileReference; lastKnownFileType = folder.assetcatalog; path = Assets.xcassets; sourceTree = "<group>"; };
		4FB77AA21DA44D1600C782B0 /* Base */ = {isa = PBXFileReference; lastKnownFileType = file.storyboard; name = Base; path = Base.lproj/LaunchScreen.storyboard; sourceTree = "<group>"; };
		4FB77AA41DA44D1600C782B0 /* Info.plist */ = {isa = PBXFileReference; lastKnownFileType = text.plist.xml; path = Info.plist; sourceTree = "<group>"; };
		4FB77AA91DA44D1600C782B0 /* LostifyTests.xctest */ = {isa = PBXFileReference; explicitFileType = wrapper.cfbundle; includeInIndex = 0; path = LostifyTests.xctest; sourceTree = BUILT_PRODUCTS_DIR; };
		4FB77AAD1DA44D1600C782B0 /* LostifyTests.swift */ = {isa = PBXFileReference; lastKnownFileType = sourcecode.swift; path = LostifyTests.swift; sourceTree = "<group>"; };
		4FB77AAF1DA44D1600C782B0 /* Info.plist */ = {isa = PBXFileReference; lastKnownFileType = text.plist.xml; path = Info.plist; sourceTree = "<group>"; };
/* End PBXFileReference section */

/* Begin PBXFrameworksBuildPhase section */
		4FB77A921DA44D1500C782B0 /* Frameworks */ = {
			isa = PBXFrameworksBuildPhase;
			buildActionMask = 2147483647;
			files = (
				4F7464A51DBFE62800D07A03 /* SwinjectStoryboard.framework in Frameworks */,
				4F74645D1DBE24C200D07A03 /* Result.framework in Frameworks */,
				4F7464511DBE042200D07A03 /* Alamofire.framework in Frameworks */,
				4F7464531DBE22D300D07A03 /* ReactiveSwift.framework in Frameworks */,
				4F7464A11DBFE61D00D07A03 /* Swinject.framework in Frameworks */,
				4F74645F1DBE24D100D07A03 /* ReactiveCocoa.framework in Frameworks */,
			);
			runOnlyForDeploymentPostprocessing = 0;
		};
		4FB77AA61DA44D1600C782B0 /* Frameworks */ = {
			isa = PBXFrameworksBuildPhase;
			buildActionMask = 2147483647;
			files = (
			);
			runOnlyForDeploymentPostprocessing = 0;
		};
/* End PBXFrameworksBuildPhase section */

/* Begin PBXGroup section */
		4F2CC6461DA53372002526A2 /* Dependencies */ = {
			isa = PBXGroup;
			children = (
				4F2CC6491DA53B01002526A2 /* PresentationLevel */,
				4F2CC6481DA53B01002526A2 /* BusinessLogicLevel */,
				4F2CC6471DA53B01002526A2 /* CoreLevel */,
			);
			path = Dependencies;
			sourceTree = "<group>";
		};
		4F2CC6471DA53B01002526A2 /* CoreLevel */ = {
			isa = PBXGroup;
			children = (
			);
			path = CoreLevel;
			sourceTree = "<group>";
		};
		4F2CC6481DA53B01002526A2 /* BusinessLogicLevel */ = {
			isa = PBXGroup;
			children = (
			);
			path = BusinessLogicLevel;
			sourceTree = "<group>";
		};
		4F2CC6491DA53B01002526A2 /* PresentationLevel */ = {
			isa = PBXGroup;
			children = (
				4F7464821DBE9BFF00D07A03 /* Application */,
				4F2CC64B1DA53B4E002526A2 /* Helper */,
				4F2CC64A1DA53B4E002526A2 /* UserStory */,
			);
			path = PresentationLevel;
			sourceTree = "<group>";
		};
		4F2CC64A1DA53B4E002526A2 /* UserStory */ = {
			isa = PBXGroup;
			children = (
				4F7464851DBE9C2C00D07A03 /* UserStoryAssemblyBase.swift */,
				4F7464871DBE9D7E00D07A03 /* AuthorizationUserStoryAssembly.swift */,
				4F8D95991DA6944400657106 /* InitialUserStoryAssembly.swift */,
				4F7464A71DBFE70600D07A03 /* SwinjectStoryboard+Setup.swift */,
			);
			path = UserStory;
			sourceTree = "<group>";
		};
		4F2CC64B1DA53B4E002526A2 /* Helper */ = {
			isa = PBXGroup;
			children = (
				4F7464801DBE9BCE00D07A03 /* HelperAssembly.swift */,
			);
			path = Helper;
			sourceTree = "<group>";
		};
		4F7464821DBE9BFF00D07A03 /* Application */ = {
			isa = PBXGroup;
			children = (
				4F7464831DBE9C0A00D07A03 /* ApplicationAssembly.swift */,
			);
			path = Application;
			sourceTree = "<group>";
		};
		4F7464891DBE9DD800D07A03 /* AuthorizationStory */ = {
			isa = PBXGroup;
			children = (
				4F74648F1DBEA4BC00D07A03 /* Router */,
				4F74648C1DBE9E3B00D07A03 /* Views */,
				4F74648A1DBE9DF400D07A03 /* AuthorizationStory.storyboard */,
			);
			path = AuthorizationStory;
			sourceTree = "<group>";
		};
		4F74648C1DBE9E3B00D07A03 /* Views */ = {
			isa = PBXGroup;
			children = (
				4F74648D1DBE9EE000D07A03 /* AuthorizationViewController.swift */,
			);
			path = Views;
			sourceTree = "<group>";
		};
		4F74648F1DBEA4BC00D07A03 /* Router */ = {
			isa = PBXGroup;
			children = (
				4F7464901DBEA4DB00D07A03 /* AuthorizationRouter.swift */,
			);
			path = Router;
			sourceTree = "<group>";
		};
		4F8D958C1DA68A2F00657106 /* Stories */ = {
			isa = PBXGroup;
			children = (
				4F7464891DBE9DD800D07A03 /* AuthorizationStory */,
				4F8D958D1DA68A6100657106 /* InitialStory */,
			);
			path = Stories;
			sourceTree = "<group>";
		};
		4F8D958D1DA68A6100657106 /* InitialStory */ = {
			isa = PBXGroup;
			children = (
				4F8D95921DA68C9700657106 /* Views */,
				4F8D95951DA68D7700657106 /* ViewModel */,
				4F8D95961DA68D7F00657106 /* Model */,
				4F8D958E1DA68AC500657106 /* InitialStory.storyboard */,
			);
			path = InitialStory;
			sourceTree = "<group>";
		};
		4F8D95921DA68C9700657106 /* Views */ = {
			isa = PBXGroup;
			children = (
				4F8D95931DA68CB600657106 /* InitialViewController.swift */,
			);
			path = Views;
			sourceTree = "<group>";
		};
		4F8D95951DA68D7700657106 /* ViewModel */ = {
			isa = PBXGroup;
			children = (
				4F8D95971DA693D400657106 /* InitialViewModel.swift */,
			);
			path = ViewModel;
			sourceTree = "<group>";
		};
		4F8D95961DA68D7F00657106 /* Model */ = {
			isa = PBXGroup;
			children = (
			);
			path = Model;
			sourceTree = "<group>";
		};
		4FB77A8C1DA44D1500C782B0 = {
			isa = PBXGroup;
			children = (
				4FB77A971DA44D1600C782B0 /* Lostify */,
				4FB77AAC1DA44D1600C782B0 /* LostifyTests */,
				4FB77A961DA44D1600C782B0 /* Products */,
				4FB77AB81DA4564E00C782B0 /* Frameworks */,
			);
			sourceTree = "<group>";
		};
		4FB77A961DA44D1600C782B0 /* Products */ = {
			isa = PBXGroup;
			children = (
				4FB77A951DA44D1600C782B0 /* Lostify.app */,
				4FB77AA91DA44D1600C782B0 /* LostifyTests.xctest */,
			);
			name = Products;
			sourceTree = "<group>";
		};
		4FB77A971DA44D1600C782B0 /* Lostify */ = {
			isa = PBXGroup;
			children = (
				4F8D958C1DA68A2F00657106 /* Stories */,
				4F2CC6461DA53372002526A2 /* Dependencies */,
				4FB77A981DA44D1600C782B0 /* AppDelegate.swift */,
				4FB77A9F1DA44D1600C782B0 /* Assets.xcassets */,
				4FB77AA11DA44D1600C782B0 /* LaunchScreen.storyboard */,
				4FB77AA41DA44D1600C782B0 /* Info.plist */,
			);
			path = Lostify;
			sourceTree = "<group>";
		};
		4FB77AAC1DA44D1600C782B0 /* LostifyTests */ = {
			isa = PBXGroup;
			children = (
				4FB77AAD1DA44D1600C782B0 /* LostifyTests.swift */,
				4FB77AAF1DA44D1600C782B0 /* Info.plist */,
			);
			path = LostifyTests;
			sourceTree = "<group>";
		};
		4FB77AB81DA4564E00C782B0 /* Frameworks */ = {
			isa = PBXGroup;
			children = (
				4F7464A31DBFE62200D07A03 /* SwinjectStoryboard.framework */,
				4F74649F1DBFE60C00D07A03 /* Swinject.framework */,
				4F7464561DBE22E500D07A03 /* ReactiveCocoa.framework */,
				4F7464541DBE22E000D07A03 /* Result.framework */,
				4F7464521DBE22D300D07A03 /* ReactiveSwift.framework */,
				4F7464501DBE042200D07A03 /* Alamofire.framework */,
			);
			name = Frameworks;
			sourceTree = "<group>";
		};
/* End PBXGroup section */

/* Begin PBXNativeTarget section */
		4FB77A941DA44D1500C782B0 /* Lostify */ = {
			isa = PBXNativeTarget;
			buildConfigurationList = 4FB77AB21DA44D1600C782B0 /* Build configuration list for PBXNativeTarget "Lostify" */;
			buildPhases = (
				4FB77A911DA44D1500C782B0 /* Sources */,
				4FB77A921DA44D1500C782B0 /* Frameworks */,
				4FB77A931DA44D1500C782B0 /* Resources */,
				4FB77ABB1DA4567C00C782B0 /* ShellScript */,
				4F74645A1DBE249B00D07A03 /* Embed Frameworks */,
			);
			buildRules = (
			);
			dependencies = (
			);
			name = Lostify;
			productName = Lostify;
			productReference = 4FB77A951DA44D1600C782B0 /* Lostify.app */;
			productType = "com.apple.product-type.application";
		};
		4FB77AA81DA44D1600C782B0 /* LostifyTests */ = {
			isa = PBXNativeTarget;
			buildConfigurationList = 4FB77AB51DA44D1600C782B0 /* Build configuration list for PBXNativeTarget "LostifyTests" */;
			buildPhases = (
				4FB77AA51DA44D1600C782B0 /* Sources */,
				4FB77AA61DA44D1600C782B0 /* Frameworks */,
				4FB77AA71DA44D1600C782B0 /* Resources */,
			);
			buildRules = (
			);
			dependencies = (
				4FB77AAB1DA44D1600C782B0 /* PBXTargetDependency */,
			);
			name = LostifyTests;
			productName = LostifyTests;
			productReference = 4FB77AA91DA44D1600C782B0 /* LostifyTests.xctest */;
			productType = "com.apple.product-type.bundle.unit-test";
		};
/* End PBXNativeTarget section */

/* Begin PBXProject section */
		4FB77A8D1DA44D1500C782B0 /* Project object */ = {
			isa = PBXProject;
			attributes = {
				LastSwiftUpdateCheck = 0810;
				LastUpgradeCheck = 0810;
				ORGANIZATIONNAME = DreamTeam;
				TargetAttributes = {
					4FB77A941DA44D1500C782B0 = {
						CreatedOnToolsVersion = 8.1;
						DevelopmentTeam = FQAXAS293G;
						ProvisioningStyle = Automatic;
					};
					4FB77AA81DA44D1600C782B0 = {
						CreatedOnToolsVersion = 8.1;
						DevelopmentTeam = FQAXAS293G;
						ProvisioningStyle = Automatic;
						TestTargetID = 4FB77A941DA44D1500C782B0;
					};
				};
			};
			buildConfigurationList = 4FB77A901DA44D1500C782B0 /* Build configuration list for PBXProject "Lostify" */;
			compatibilityVersion = "Xcode 3.2";
			developmentRegion = English;
			hasScannedForEncodings = 0;
			knownRegions = (
				en,
				Base,
			);
			mainGroup = 4FB77A8C1DA44D1500C782B0;
			productRefGroup = 4FB77A961DA44D1600C782B0 /* Products */;
			projectDirPath = "";
			projectRoot = "";
			targets = (
				4FB77A941DA44D1500C782B0 /* Lostify */,
				4FB77AA81DA44D1600C782B0 /* LostifyTests */,
			);
		};
/* End PBXProject section */

/* Begin PBXResourcesBuildPhase section */
		4FB77A931DA44D1500C782B0 /* Resources */ = {
			isa = PBXResourcesBuildPhase;
			buildActionMask = 2147483647;
			files = (
				4F8D95901DA68AC500657106 /* InitialStory.storyboard in Resources */,
				4FB77AA31DA44D1600C782B0 /* LaunchScreen.storyboard in Resources */,
				4F74648B1DBE9DF400D07A03 /* AuthorizationStory.storyboard in Resources */,
				4FB77AA01DA44D1600C782B0 /* Assets.xcassets in Resources */,
			);
			runOnlyForDeploymentPostprocessing = 0;
		};
		4FB77AA71DA44D1600C782B0 /* Resources */ = {
			isa = PBXResourcesBuildPhase;
			buildActionMask = 2147483647;
			files = (
			);
			runOnlyForDeploymentPostprocessing = 0;
		};
/* End PBXResourcesBuildPhase section */

/* Begin PBXShellScriptBuildPhase section */
		4FB77ABB1DA4567C00C782B0 /* ShellScript */ = {
			isa = PBXShellScriptBuildPhase;
			buildActionMask = 2147483647;
			files = (
			);
			inputPaths = (
				"$(SRCROOT)/Carthage/Build/iOS/Typhoon.framework",
			);
			outputPaths = (
			);
			runOnlyForDeploymentPostprocessing = 0;
			shellPath = /bin/sh;
			shellScript = "/usr/local/bin/carthage copy-frameworks";
		};
/* End PBXShellScriptBuildPhase section */

/* Begin PBXSourcesBuildPhase section */
		4FB77A911DA44D1500C782B0 /* Sources */ = {
			isa = PBXSourcesBuildPhase;
			buildActionMask = 2147483647;
			files = (
				4F74648E1DBE9EE000D07A03 /* AuthorizationViewController.swift in Sources */,
				4F7464A81DBFE70600D07A03 /* SwinjectStoryboard+Setup.swift in Sources */,
				4F7464881DBE9D7E00D07A03 /* AuthorizationUserStoryAssembly.swift in Sources */,
				4FB77A991DA44D1600C782B0 /* AppDelegate.swift in Sources */,
				4F8D95941DA68CB600657106 /* InitialViewController.swift in Sources */,
				4F7464911DBEA4DB00D07A03 /* AuthorizationRouter.swift in Sources */,
				4F8D95981DA693D400657106 /* InitialViewModel.swift in Sources */,
				4F8D959A1DA6944400657106 /* InitialUserStoryAssembly.swift in Sources */,
				4F7464841DBE9C0A00D07A03 /* ApplicationAssembly.swift in Sources */,
				4F7464861DBE9C2C00D07A03 /* UserStoryAssemblyBase.swift in Sources */,
				4F7464811DBE9BCE00D07A03 /* HelperAssembly.swift in Sources */,
			);
			runOnlyForDeploymentPostprocessing = 0;
		};
		4FB77AA51DA44D1600C782B0 /* Sources */ = {
			isa = PBXSourcesBuildPhase;
			buildActionMask = 2147483647;
			files = (
				4FB77AAE1DA44D1600C782B0 /* LostifyTests.swift in Sources */,
			);
			runOnlyForDeploymentPostprocessing = 0;
		};
/* End PBXSourcesBuildPhase section */

/* Begin PBXTargetDependency section */
		4FB77AAB1DA44D1600C782B0 /* PBXTargetDependency */ = {
			isa = PBXTargetDependency;
			target = 4FB77A941DA44D1500C782B0 /* Lostify */;
			targetProxy = 4FB77AAA1DA44D1600C782B0 /* PBXContainerItemProxy */;
		};
/* End PBXTargetDependency section */

/* Begin PBXVariantGroup section */
		4FB77AA11DA44D1600C782B0 /* LaunchScreen.storyboard */ = {
			isa = PBXVariantGroup;
			children = (
				4FB77AA21DA44D1600C782B0 /* Base */,
			);
			name = LaunchScreen.storyboard;
			sourceTree = "<group>";
		};
/* End PBXVariantGroup section */

/* Begin XCBuildConfiguration section */
		4FB77AB01DA44D1600C782B0 /* Debug */ = {
			isa = XCBuildConfiguration;
			buildSettings = {
				ALWAYS_SEARCH_USER_PATHS = NO;
				CLANG_ANALYZER_NONNULL = YES;
				CLANG_CXX_LANGUAGE_STANDARD = "gnu++0x";
				CLANG_CXX_LIBRARY = "libc++";
				CLANG_ENABLE_MODULES = YES;
				CLANG_ENABLE_OBJC_ARC = YES;
				CLANG_WARN_BOOL_CONVERSION = YES;
				CLANG_WARN_CONSTANT_CONVERSION = YES;
				CLANG_WARN_DIRECT_OBJC_ISA_USAGE = YES_ERROR;
				CLANG_WARN_DOCUMENTATION_COMMENTS = YES;
				CLANG_WARN_EMPTY_BODY = YES;
				CLANG_WARN_ENUM_CONVERSION = YES;
				CLANG_WARN_INFINITE_RECURSION = YES;
				CLANG_WARN_INT_CONVERSION = YES;
				CLANG_WARN_OBJC_ROOT_CLASS = YES_ERROR;
				CLANG_WARN_SUSPICIOUS_MOVES = YES;
				CLANG_WARN_UNREACHABLE_CODE = YES;
				CLANG_WARN__DUPLICATE_METHOD_MATCH = YES;
				"CODE_SIGN_IDENTITY[sdk=iphoneos*]" = "iPhone Developer";
				COPY_PHASE_STRIP = NO;
				DEBUG_INFORMATION_FORMAT = dwarf;
				ENABLE_STRICT_OBJC_MSGSEND = YES;
				ENABLE_TESTABILITY = YES;
				GCC_C_LANGUAGE_STANDARD = gnu99;
				GCC_DYNAMIC_NO_PIC = NO;
				GCC_NO_COMMON_BLOCKS = YES;
				GCC_OPTIMIZATION_LEVEL = 0;
				GCC_PREPROCESSOR_DEFINITIONS = (
					"DEBUG=1",
					"$(inherited)",
				);
				GCC_WARN_64_TO_32_BIT_CONVERSION = YES;
				GCC_WARN_ABOUT_RETURN_TYPE = YES_ERROR;
				GCC_WARN_UNDECLARED_SELECTOR = YES;
				GCC_WARN_UNINITIALIZED_AUTOS = YES_AGGRESSIVE;
				GCC_WARN_UNUSED_FUNCTION = YES;
				GCC_WARN_UNUSED_VARIABLE = YES;
				IPHONEOS_DEPLOYMENT_TARGET = 10.1;
				MTL_ENABLE_DEBUG_INFO = YES;
				ONLY_ACTIVE_ARCH = YES;
				SDKROOT = iphoneos;
				SWIFT_ACTIVE_COMPILATION_CONDITIONS = DEBUG;
				SWIFT_OPTIMIZATION_LEVEL = "-Onone";
			};
			name = Debug;
		};
		4FB77AB11DA44D1600C782B0 /* Release */ = {
			isa = XCBuildConfiguration;
			buildSettings = {
				ALWAYS_SEARCH_USER_PATHS = NO;
				CLANG_ANALYZER_NONNULL = YES;
				CLANG_CXX_LANGUAGE_STANDARD = "gnu++0x";
				CLANG_CXX_LIBRARY = "libc++";
				CLANG_ENABLE_MODULES = YES;
				CLANG_ENABLE_OBJC_ARC = YES;
				CLANG_WARN_BOOL_CONVERSION = YES;
				CLANG_WARN_CONSTANT_CONVERSION = YES;
				CLANG_WARN_DIRECT_OBJC_ISA_USAGE = YES_ERROR;
				CLANG_WARN_DOCUMENTATION_COMMENTS = YES;
				CLANG_WARN_EMPTY_BODY = YES;
				CLANG_WARN_ENUM_CONVERSION = YES;
				CLANG_WARN_INFINITE_RECURSION = YES;
				CLANG_WARN_INT_CONVERSION = YES;
				CLANG_WARN_OBJC_ROOT_CLASS = YES_ERROR;
				CLANG_WARN_SUSPICIOUS_MOVES = YES;
				CLANG_WARN_UNREACHABLE_CODE = YES;
				CLANG_WARN__DUPLICATE_METHOD_MATCH = YES;
				"CODE_SIGN_IDENTITY[sdk=iphoneos*]" = "iPhone Developer";
				COPY_PHASE_STRIP = NO;
				DEBUG_INFORMATION_FORMAT = "dwarf-with-dsym";
				ENABLE_NS_ASSERTIONS = NO;
				ENABLE_STRICT_OBJC_MSGSEND = YES;
				GCC_C_LANGUAGE_STANDARD = gnu99;
				GCC_NO_COMMON_BLOCKS = YES;
				GCC_WARN_64_TO_32_BIT_CONVERSION = YES;
				GCC_WARN_ABOUT_RETURN_TYPE = YES_ERROR;
				GCC_WARN_UNDECLARED_SELECTOR = YES;
				GCC_WARN_UNINITIALIZED_AUTOS = YES_AGGRESSIVE;
				GCC_WARN_UNUSED_FUNCTION = YES;
				GCC_WARN_UNUSED_VARIABLE = YES;
				IPHONEOS_DEPLOYMENT_TARGET = 10.1;
				MTL_ENABLE_DEBUG_INFO = NO;
				SDKROOT = iphoneos;
				SWIFT_OPTIMIZATION_LEVEL = "-Owholemodule";
				VALIDATE_PRODUCT = YES;
			};
			name = Release;
		};
		4FB77AB31DA44D1600C782B0 /* Debug */ = {
			isa = XCBuildConfiguration;
			buildSettings = {
				ASSETCATALOG_COMPILER_APPICON_NAME = AppIcon;
				DEVELOPMENT_TEAM = FQAXAS293G;
				FRAMEWORK_SEARCH_PATHS = (
					"$(inherited)",
					"$(PROJECT_DIR)/Carthage/Build/iOS",
				);
				INFOPLIST_FILE = Lostify/Info.plist;
				IPHONEOS_DEPLOYMENT_TARGET = 9.0;
				LD_RUNPATH_SEARCH_PATHS = "$(inherited) @executable_path/Frameworks";
				PRODUCT_BUNDLE_IDENTIFIER = com.DreamTeam.Lostify;
				PRODUCT_NAME = "$(TARGET_NAME)";
				SWIFT_VERSION = 3.0;
			};
			name = Debug;
		};
		4FB77AB41DA44D1600C782B0 /* Release */ = {
			isa = XCBuildConfiguration;
			buildSettings = {
				ASSETCATALOG_COMPILER_APPICON_NAME = AppIcon;
				DEVELOPMENT_TEAM = FQAXAS293G;
				FRAMEWORK_SEARCH_PATHS = (
					"$(inherited)",
					"$(PROJECT_DIR)/Carthage/Build/iOS",
				);
				INFOPLIST_FILE = Lostify/Info.plist;
				IPHONEOS_DEPLOYMENT_TARGET = 9.0;
				LD_RUNPATH_SEARCH_PATHS = "$(inherited) @executable_path/Frameworks";
				PRODUCT_BUNDLE_IDENTIFIER = com.DreamTeam.Lostify;
				PRODUCT_NAME = "$(TARGET_NAME)";
				SWIFT_VERSION = 3.0;
			};
			name = Release;
		};
		4FB77AB61DA44D1600C782B0 /* Debug */ = {
			isa = XCBuildConfiguration;
			buildSettings = {
				ALWAYS_EMBED_SWIFT_STANDARD_LIBRARIES = YES;
				BUNDLE_LOADER = "$(TEST_HOST)";
				DEVELOPMENT_TEAM = FQAXAS293G;
				INFOPLIST_FILE = LostifyTests/Info.plist;
				LD_RUNPATH_SEARCH_PATHS = "$(inherited) @executable_path/Frameworks @loader_path/Frameworks";
				PRODUCT_BUNDLE_IDENTIFIER = com.DreamTeam.LostifyTests;
				PRODUCT_NAME = "$(TARGET_NAME)";
				SWIFT_VERSION = 3.0;
				TEST_HOST = "$(BUILT_PRODUCTS_DIR)/Lostify.app/Lostify";
			};
			name = Debug;
		};
		4FB77AB71DA44D1600C782B0 /* Release */ = {
			isa = XCBuildConfiguration;
			buildSettings = {
				ALWAYS_EMBED_SWIFT_STANDARD_LIBRARIES = YES;
				BUNDLE_LOADER = "$(TEST_HOST)";
				DEVELOPMENT_TEAM = FQAXAS293G;
				INFOPLIST_FILE = LostifyTests/Info.plist;
				LD_RUNPATH_SEARCH_PATHS = "$(inherited) @executable_path/Frameworks @loader_path/Frameworks";
				PRODUCT_BUNDLE_IDENTIFIER = com.DreamTeam.LostifyTests;
				PRODUCT_NAME = "$(TARGET_NAME)";
				SWIFT_VERSION = 3.0;
				TEST_HOST = "$(BUILT_PRODUCTS_DIR)/Lostify.app/Lostify";
			};
			name = Release;
		};
/* End XCBuildConfiguration section */

/* Begin XCConfigurationList section */
		4FB77A901DA44D1500C782B0 /* Build configuration list for PBXProject "Lostify" */ = {
			isa = XCConfigurationList;
			buildConfigurations = (
				4FB77AB01DA44D1600C782B0 /* Debug */,
				4FB77AB11DA44D1600C782B0 /* Release */,
			);
			defaultConfigurationIsVisible = 0;
			defaultConfigurationName = Release;
		};
		4FB77AB21DA44D1600C782B0 /* Build configuration list for PBXNativeTarget "Lostify" */ = {
			isa = XCConfigurationList;
			buildConfigurations = (
				4FB77AB31DA44D1600C782B0 /* Debug */,
				4FB77AB41DA44D1600C782B0 /* Release */,
			);
			defaultConfigurationIsVisible = 0;
			defaultConfigurationName = Release;
		};
		4FB77AB51DA44D1600C782B0 /* Build configuration list for PBXNativeTarget "LostifyTests" */ = {
			isa = XCConfigurationList;
			buildConfigurations = (
				4FB77AB61DA44D1600C782B0 /* Debug */,
				4FB77AB71DA44D1600C782B0 /* Release */,
			);
			defaultConfigurationIsVisible = 0;
			defaultConfigurationName = Release;
		};
/* End XCConfigurationList section */
	};
	rootObject = 4FB77A8D1DA44D1500C782B0 /* Project object */;
}
