// !$*UTF8*$!
{
	archiveVersion = 1;
	classes = {
	};
	objectVersion = 46;
	objects = {

/* Begin PBXBuildFile section */
		4F2CC6451DA516DA002526A2 /* Typhoon.framework in Frameworks */ = {isa = PBXBuildFile; fileRef = 4F2CC6441DA516DA002526A2 /* Typhoon.framework */; };
		4FB77A991DA44D1600C782B0 /* AppDelegate.swift in Sources */ = {isa = PBXBuildFile; fileRef = 4FB77A981DA44D1600C782B0 /* AppDelegate.swift */; };
		4FB77A9B1DA44D1600C782B0 /* ViewController.swift in Sources */ = {isa = PBXBuildFile; fileRef = 4FB77A9A1DA44D1600C782B0 /* ViewController.swift */; };
		4FB77A9E1DA44D1600C782B0 /* Main.storyboard in Resources */ = {isa = PBXBuildFile; fileRef = 4FB77A9C1DA44D1600C782B0 /* Main.storyboard */; };
		4FB77AA01DA44D1600C782B0 /* Assets.xcassets in Resources */ = {isa = PBXBuildFile; fileRef = 4FB77A9F1DA44D1600C782B0 /* Assets.xcassets */; };
		4FB77AA31DA44D1600C782B0 /* LaunchScreen.storyboard in Resources */ = {isa = PBXBuildFile; fileRef = 4FB77AA11DA44D1600C782B0 /* LaunchScreen.storyboard */; };
		4FB77AAE1DA44D1600C782B0 /* LostifyTests.swift in Sources */ = {isa = PBXBuildFile; fileRef = 4FB77AAD1DA44D1600C782B0 /* LostifyTests.swift */; };
/* End PBXBuildFile section */

/* Begin PBXContainerItemProxy section */
		4FB77AAA1DA44D1600C782B0 /* PBXContainerItemProxy */ = {
			isa = PBXContainerItemProxy;
			containerPortal = 4FB77A8D1DA44D1500C782B0 /* Project object */;
			proxyType = 1;
			remoteGlobalIDString = 4FB77A941DA44D1500C782B0;
			remoteInfo = Lostify;
		};
/* End PBXContainerItemProxy section */

/* Begin PBXFileReference section */
		4F2CC6441DA516DA002526A2 /* Typhoon.framework */ = {isa = PBXFileReference; lastKnownFileType = wrapper.framework; name = Typhoon.framework; path = Carthage/Build/iOS/Typhoon.framework; sourceTree = "<group>"; };
		4FB77A951DA44D1600C782B0 /* Lostify.app */ = {isa = PBXFileReference; explicitFileType = wrapper.application; includeInIndex = 0; path = Lostify.app; sourceTree = BUILT_PRODUCTS_DIR; };
		4FB77A981DA44D1600C782B0 /* AppDelegate.swift */ = {isa = PBXFileReference; lastKnownFileType = sourcecode.swift; path = AppDelegate.swift; sourceTree = "<group>"; };
		4FB77A9A1DA44D1600C782B0 /* ViewController.swift */ = {isa = PBXFileReference; lastKnownFileType = sourcecode.swift; path = ViewController.swift; sourceTree = "<group>"; };
		4FB77A9D1DA44D1600C782B0 /* Base */ = {isa = PBXFileReference; lastKnownFileType = file.storyboard; name = Base; path = Base.lproj/Main.storyboard; sourceTree = "<group>"; };
		4FB77A9F1DA44D1600C782B0 /* Assets.xcassets */ = {isa = PBXFileReference; lastKnownFileType = folder.assetcatalog; path = Assets.xcassets; sourceTree = "<group>"; };
		4FB77AA21DA44D1600C782B0 /* Base */ = {isa = PBXFileReference; lastKnownFileType = file.storyboard; name = Base; path = Base.lproj/LaunchScreen.storyboard; sourceTree = "<group>"; };
		4FB77AA41DA44D1600C782B0 /* Info.plist */ = {isa = PBXFileReference; lastKnownFileType = text.plist.xml; path = Info.plist; sourceTree = "<group>"; };
		4FB77AA91DA44D1600C782B0 /* LostifyTests.xctest */ = {isa = PBXFileReference; explicitFileType = wrapper.cfbundle; includeInIndex = 0; path = LostifyTests.xctest; sourceTree = BUILT_PRODUCTS_DIR; };
		4FB77AAD1DA44D1600C782B0 /* LostifyTests.swift */ = {isa = PBXFileReference; lastKnownFileType = sourcecode.swift; path = LostifyTests.swift; sourceTree = "<group>"; };
		4FB77AAF1DA44D1600C782B0 /* Info.plist */ = {isa = PBXFileReference; lastKnownFileType = text.plist.xml; path = Info.plist; sourceTree = "<group>"; };
/* End PBXFileReference section */

/* Begin PBXFrameworksBuildPhase section */
		4FB77A921DA44D1500C782B0 /* Frameworks */ = {
			isa = PBXFrameworksBuildPhase;
			buildActionMask = 2147483647;
			files = (
				4F2CC6451DA516DA002526A2 /* Typhoon.framework in Frameworks */,
			);
			runOnlyForDeploymentPostprocessing = 0;
		};
		4FB77AA61DA44D1600C782B0 /* Frameworks */ = {
			isa = PBXFrameworksBuildPhase;
			buildActionMask = 2147483647;
			files = (
			);
			runOnlyForDeploymentPostprocessing = 0;
		};
/* End PBXFrameworksBuildPhase section */

/* Begin PBXGroup section */
		4FB77A8C1DA44D1500C782B0 = {
			isa = PBXGroup;
			children = (
				4FB77A971DA44D1600C782B0 /* Lostify */,
				4FB77AAC1DA44D1600C782B0 /* LostifyTests */,
				4FB77A961DA44D1600C782B0 /* Products */,
				4FB77AB81DA4564E00C782B0 /* Frameworks */,
			);
			sourceTree = "<group>";
		};
		4FB77A961DA44D1600C782B0 /* Products */ = {
			isa = PBXGroup;
			children = (
				4FB77A951DA44D1600C782B0 /* Lostify.app */,
				4FB77AA91DA44D1600C782B0 /* LostifyTests.xctest */,
			);
			name = Products;
			sourceTree = "<group>";
		};
		4FB77A971DA44D1600C782B0 /* Lostify */ = {
			isa = PBXGroup;
			children = (
				4FB77A981DA44D1600C782B0 /* AppDelegate.swift */,
				4FB77A9A1DA44D1600C782B0 /* ViewController.swift */,
				4FB77A9C1DA44D1600C782B0 /* Main.storyboard */,
				4FB77A9F1DA44D1600C782B0 /* Assets.xcassets */,
				4FB77AA11DA44D1600C782B0 /* LaunchScreen.storyboard */,
				4FB77AA41DA44D1600C782B0 /* Info.plist */,
			);
			path = Lostify;
			sourceTree = "<group>";
		};
		4FB77AAC1DA44D1600C782B0 /* LostifyTests */ = {
			isa = PBXGroup;
			children = (
				4FB77AAD1DA44D1600C782B0 /* LostifyTests.swift */,
				4FB77AAF1DA44D1600C782B0 /* Info.plist */,
			);
			path = LostifyTests;
			sourceTree = "<group>";
		};
		4FB77AB81DA4564E00C782B0 /* Frameworks */ = {
			isa = PBXGroup;
			children = (
				4F2CC6441DA516DA002526A2 /* Typhoon.framework */,
			);
			name = Frameworks;
			sourceTree = "<group>";
		};
/* End PBXGroup section */

/* Begin PBXNativeTarget section */
		4FB77A941DA44D1500C782B0 /* Lostify */ = {
			isa = PBXNativeTarget;
			buildConfigurationList = 4FB77AB21DA44D1600C782B0 /* Build configuration list for PBXNativeTarget "Lostify" */;
			buildPhases = (
				4FB77A911DA44D1500C782B0 /* Sources */,
				4FB77A921DA44D1500C782B0 /* Frameworks */,
				4FB77A931DA44D1500C782B0 /* Resources */,
				4FB77ABB1DA4567C00C782B0 /* ShellScript */,
			);
			buildRules = (
			);
			dependencies = (
			);
			name = Lostify;
			productName = Lostify;
			productReference = 4FB77A951DA44D1600C782B0 /* Lostify.app */;
			productType = "com.apple.product-type.application";
		};
		4FB77AA81DA44D1600C782B0 /* LostifyTests */ = {
			isa = PBXNativeTarget;
			buildConfigurationList = 4FB77AB51DA44D1600C782B0 /* Build configuration list for PBXNativeTarget "LostifyTests" */;
			buildPhases = (
				4FB77AA51DA44D1600C782B0 /* Sources */,
				4FB77AA61DA44D1600C782B0 /* Frameworks */,
				4FB77AA71DA44D1600C782B0 /* Resources */,
			);
			buildRules = (
			);
			dependencies = (
				4FB77AAB1DA44D1600C782B0 /* PBXTargetDependency */,
			);
			name = LostifyTests;
			productName = LostifyTests;
			productReference = 4FB77AA91DA44D1600C782B0 /* LostifyTests.xctest */;
			productType = "com.apple.product-type.bundle.unit-test";
		};
/* End PBXNativeTarget section */

/* Begin PBXProject section */
		4FB77A8D1DA44D1500C782B0 /* Project object */ = {
			isa = PBXProject;
			attributes = {
				LastSwiftUpdateCheck = 0810;
				LastUpgradeCheck = 0810;
				ORGANIZATIONNAME = DreamTeam;
				TargetAttributes = {
					4FB77A941DA44D1500C782B0 = {
						CreatedOnToolsVersion = 8.1;
						DevelopmentTeam = FQAXAS293G;
						ProvisioningStyle = Automatic;
					};
					4FB77AA81DA44D1600C782B0 = {
						CreatedOnToolsVersion = 8.1;
						DevelopmentTeam = FQAXAS293G;
						ProvisioningStyle = Automatic;
						TestTargetID = 4FB77A941DA44D1500C782B0;
					};
				};
			};
			buildConfigurationList = 4FB77A901DA44D1500C782B0 /* Build configuration list for PBXProject "Lostify" */;
			compatibilityVersion = "Xcode 3.2";
			developmentRegion = English;
			hasScannedForEncodings = 0;
			knownRegions = (
				en,
				Base,
			);
			mainGroup = 4FB77A8C1DA44D1500C782B0;
			productRefGroup = 4FB77A961DA44D1600C782B0 /* Products */;
			projectDirPath = "";
			projectRoot = "";
			targets = (
				4FB77A941DA44D1500C782B0 /* Lostify */,
				4FB77AA81DA44D1600C782B0 /* LostifyTests */,
			);
		};
/* End PBXProject section */

/* Begin PBXResourcesBuildPhase section */
		4FB77A931DA44D1500C782B0 /* Resources */ = {
			isa = PBXResourcesBuildPhase;
			buildActionMask = 2147483647;
			files = (
				4FB77AA31DA44D1600C782B0 /* LaunchScreen.storyboard in Resources */,
				4FB77AA01DA44D1600C782B0 /* Assets.xcassets in Resources */,
				4FB77A9E1DA44D1600C782B0 /* Main.storyboard in Resources */,
			);
			runOnlyForDeploymentPostprocessing = 0;
		};
		4FB77AA71DA44D1600C782B0 /* Resources */ = {
			isa = PBXResourcesBuildPhase;
			buildActionMask = 2147483647;
			files = (
			);
			runOnlyForDeploymentPostprocessing = 0;
		};
/* End PBXResourcesBuildPhase section */

/* Begin PBXShellScriptBuildPhase section */
		4FB77ABB1DA4567C00C782B0 /* ShellScript */ = {
			isa = PBXShellScriptBuildPhase;
			buildActionMask = 2147483647;
			files = (
			);
			inputPaths = (
				"$(SRCROOT)/Carthage/Build/iOS/Typhoon.framework",
			);
			outputPaths = (
			);
			runOnlyForDeploymentPostprocessing = 0;
			shellPath = /bin/sh;
			shellScript = "/usr/local/bin/carthage copy-frameworks";
		};
/* End PBXShellScriptBuildPhase section */

/* Begin PBXSourcesBuildPhase section */
		4FB77A911DA44D1500C782B0 /* Sources */ = {
			isa = PBXSourcesBuildPhase;
			buildActionMask = 2147483647;
			files = (
				4FB77A9B1DA44D1600C782B0 /* ViewController.swift in Sources */,
				4FB77A991DA44D1600C782B0 /* AppDelegate.swift in Sources */,
			);
			runOnlyForDeploymentPostprocessing = 0;
		};
		4FB77AA51DA44D1600C782B0 /* Sources */ = {
			isa = PBXSourcesBuildPhase;
			buildActionMask = 2147483647;
			files = (
				4FB77AAE1DA44D1600C782B0 /* LostifyTests.swift in Sources */,
			);
			runOnlyForDeploymentPostprocessing = 0;
		};
/* End PBXSourcesBuildPhase section */

/* Begin PBXTargetDependency section */
		4FB77AAB1DA44D1600C782B0 /* PBXTargetDependency */ = {
			isa = PBXTargetDependency;
			target = 4FB77A941DA44D1500C782B0 /* Lostify */;
			targetProxy = 4FB77AAA1DA44D1600C782B0 /* PBXContainerItemProxy */;
		};
/* End PBXTargetDependency section */

/* Begin PBXVariantGroup section */
		4FB77A9C1DA44D1600C782B0 /* Main.storyboard */ = {
			isa = PBXVariantGroup;
			children = (
				4FB77A9D1DA44D1600C782B0 /* Base */,
			);
			name = Main.storyboard;
			sourceTree = "<group>";
		};
		4FB77AA11DA44D1600C782B0 /* LaunchScreen.storyboard */ = {
			isa = PBXVariantGroup;
			children = (
				4FB77AA21DA44D1600C782B0 /* Base */,
			);
			name = LaunchScreen.storyboard;
			sourceTree = "<group>";
		};
/* End PBXVariantGroup section */

/* Begin XCBuildConfiguration section */
		4FB77AB01DA44D1600C782B0 /* Debug */ = {
			isa = XCBuildConfiguration;
			buildSettings = {
				ALWAYS_SEARCH_USER_PATHS = NO;
				CLANG_ANALYZER_NONNULL = YES;
				CLANG_CXX_LANGUAGE_STANDARD = "gnu++0x";
				CLANG_CXX_LIBRARY = "libc++";
				CLANG_ENABLE_MODULES = YES;
				CLANG_ENABLE_OBJC_ARC = YES;
				CLANG_WARN_BOOL_CONVERSION = YES;
				CLANG_WARN_CONSTANT_CONVERSION = YES;
				CLANG_WARN_DIRECT_OBJC_ISA_USAGE = YES_ERROR;
				CLANG_WARN_DOCUMENTATION_COMMENTS = YES;
				CLANG_WARN_EMPTY_BODY = YES;
				CLANG_WARN_ENUM_CONVERSION = YES;
				CLANG_WARN_INFINITE_RECURSION = YES;
				CLANG_WARN_INT_CONVERSION = YES;
				CLANG_WARN_OBJC_ROOT_CLASS = YES_ERROR;
				CLANG_WARN_SUSPICIOUS_MOVES = YES;
				CLANG_WARN_UNREACHABLE_CODE = YES;
				CLANG_WARN__DUPLICATE_METHOD_MATCH = YES;
				"CODE_SIGN_IDENTITY[sdk=iphoneos*]" = "iPhone Developer";
				COPY_PHASE_STRIP = NO;
				DEBUG_INFORMATION_FORMAT = dwarf;
				ENABLE_STRICT_OBJC_MSGSEND = YES;
				ENABLE_TESTABILITY = YES;
				GCC_C_LANGUAGE_STANDARD = gnu99;
				GCC_DYNAMIC_NO_PIC = NO;
				GCC_NO_COMMON_BLOCKS = YES;
				GCC_OPTIMIZATION_LEVEL = 0;
				GCC_PREPROCESSOR_DEFINITIONS = (
					"DEBUG=1",
					"$(inherited)",
				);
				GCC_WARN_64_TO_32_BIT_CONVERSION = YES;
				GCC_WARN_ABOUT_RETURN_TYPE = YES_ERROR;
				GCC_WARN_UNDECLARED_SELECTOR = YES;
				GCC_WARN_UNINITIALIZED_AUTOS = YES_AGGRESSIVE;
				GCC_WARN_UNUSED_FUNCTION = YES;
				GCC_WARN_UNUSED_VARIABLE = YES;
				IPHONEOS_DEPLOYMENT_TARGET = 10.1;
				MTL_ENABLE_DEBUG_INFO = YES;
				ONLY_ACTIVE_ARCH = YES;
				SDKROOT = iphoneos;
				SWIFT_ACTIVE_COMPILATION_CONDITIONS = DEBUG;
				SWIFT_OPTIMIZATION_LEVEL = "-Onone";
			};
			name = Debug;
		};
		4FB77AB11DA44D1600C782B0 /* Release */ = {
			isa = XCBuildConfiguration;
			buildSettings = {
				ALWAYS_SEARCH_USER_PATHS = NO;
				CLANG_ANALYZER_NONNULL = YES;
				CLANG_CXX_LANGUAGE_STANDARD = "gnu++0x";
				CLANG_CXX_LIBRARY = "libc++";
				CLANG_ENABLE_MODULES = YES;
				CLANG_ENABLE_OBJC_ARC = YES;
				CLANG_WARN_BOOL_CONVERSION = YES;
				CLANG_WARN_CONSTANT_CONVERSION = YES;
				CLANG_WARN_DIRECT_OBJC_ISA_USAGE = YES_ERROR;
				CLANG_WARN_DOCUMENTATION_COMMENTS = YES;
				CLANG_WARN_EMPTY_BODY = YES;
				CLANG_WARN_ENUM_CONVERSION = YES;
				CLANG_WARN_INFINITE_RECURSION = YES;
				CLANG_WARN_INT_CONVERSION = YES;
				CLANG_WARN_OBJC_ROOT_CLASS = YES_ERROR;
				CLANG_WARN_SUSPICIOUS_MOVES = YES;
				CLANG_WARN_UNREACHABLE_CODE = YES;
				CLANG_WARN__DUPLICATE_METHOD_MATCH = YES;
				"CODE_SIGN_IDENTITY[sdk=iphoneos*]" = "iPhone Developer";
				COPY_PHASE_STRIP = NO;
				DEBUG_INFORMATION_FORMAT = "dwarf-with-dsym";
				ENABLE_NS_ASSERTIONS = NO;
				ENABLE_STRICT_OBJC_MSGSEND = YES;
				GCC_C_LANGUAGE_STANDARD = gnu99;
				GCC_NO_COMMON_BLOCKS = YES;
				GCC_WARN_64_TO_32_BIT_CONVERSION = YES;
				GCC_WARN_ABOUT_RETURN_TYPE = YES_ERROR;
				GCC_WARN_UNDECLARED_SELECTOR = YES;
				GCC_WARN_UNINITIALIZED_AUTOS = YES_AGGRESSIVE;
				GCC_WARN_UNUSED_FUNCTION = YES;
				GCC_WARN_UNUSED_VARIABLE = YES;
				IPHONEOS_DEPLOYMENT_TARGET = 10.1;
				MTL_ENABLE_DEBUG_INFO = NO;
				SDKROOT = iphoneos;
				SWIFT_OPTIMIZATION_LEVEL = "-Owholemodule";
				VALIDATE_PRODUCT = YES;
			};
			name = Release;
		};
		4FB77AB31DA44D1600C782B0 /* Debug */ = {
			isa = XCBuildConfiguration;
			buildSettings = {
				ASSETCATALOG_COMPILER_APPICON_NAME = AppIcon;
				DEVELOPMENT_TEAM = FQAXAS293G;
				FRAMEWORK_SEARCH_PATHS = (
					"$(inherited)",
					"$(PROJECT_DIR)/Carthage/Build/iOS",
				);
				INFOPLIST_FILE = Lostify/Info.plist;
				IPHONEOS_DEPLOYMENT_TARGET = 8.0;
				LD_RUNPATH_SEARCH_PATHS = "$(inherited) @executable_path/Frameworks";
				PRODUCT_BUNDLE_IDENTIFIER = com.DreamTeam.Lostify;
				PRODUCT_NAME = "$(TARGET_NAME)";
				SWIFT_VERSION = 3.0;
			};
			name = Debug;
		};
		4FB77AB41DA44D1600C782B0 /* Release */ = {
			isa = XCBuildConfiguration;
			buildSettings = {
				ASSETCATALOG_COMPILER_APPICON_NAME = AppIcon;
				DEVELOPMENT_TEAM = FQAXAS293G;
				FRAMEWORK_SEARCH_PATHS = (
					"$(inherited)",
					"$(PROJECT_DIR)/Carthage/Build/iOS",
				);
				INFOPLIST_FILE = Lostify/Info.plist;
				IPHONEOS_DEPLOYMENT_TARGET = 8.0;
				LD_RUNPATH_SEARCH_PATHS = "$(inherited) @executable_path/Frameworks";
				PRODUCT_BUNDLE_IDENTIFIER = com.DreamTeam.Lostify;
				PRODUCT_NAME = "$(TARGET_NAME)";
				SWIFT_VERSION = 3.0;
			};
			name = Release;
		};
		4FB77AB61DA44D1600C782B0 /* Debug */ = {
			isa = XCBuildConfiguration;
			buildSettings = {
				ALWAYS_EMBED_SWIFT_STANDARD_LIBRARIES = YES;
				BUNDLE_LOADER = "$(TEST_HOST)";
				DEVELOPMENT_TEAM = FQAXAS293G;
				INFOPLIST_FILE = LostifyTests/Info.plist;
				LD_RUNPATH_SEARCH_PATHS = "$(inherited) @executable_path/Frameworks @loader_path/Frameworks";
				PRODUCT_BUNDLE_IDENTIFIER = com.DreamTeam.LostifyTests;
				PRODUCT_NAME = "$(TARGET_NAME)";
				SWIFT_VERSION = 3.0;
				TEST_HOST = "$(BUILT_PRODUCTS_DIR)/Lostify.app/Lostify";
			};
			name = Debug;
		};
		4FB77AB71DA44D1600C782B0 /* Release */ = {
			isa = XCBuildConfiguration;
			buildSettings = {
				ALWAYS_EMBED_SWIFT_STANDARD_LIBRARIES = YES;
				BUNDLE_LOADER = "$(TEST_HOST)";
				DEVELOPMENT_TEAM = FQAXAS293G;
				INFOPLIST_FILE = LostifyTests/Info.plist;
				LD_RUNPATH_SEARCH_PATHS = "$(inherited) @executable_path/Frameworks @loader_path/Frameworks";
				PRODUCT_BUNDLE_IDENTIFIER = com.DreamTeam.LostifyTests;
				PRODUCT_NAME = "$(TARGET_NAME)";
				SWIFT_VERSION = 3.0;
				TEST_HOST = "$(BUILT_PRODUCTS_DIR)/Lostify.app/Lostify";
			};
			name = Release;
		};
/* End XCBuildConfiguration section */

/* Begin XCConfigurationList section */
		4FB77A901DA44D1500C782B0 /* Build configuration list for PBXProject "Lostify" */ = {
			isa = XCConfigurationList;
			buildConfigurations = (
				4FB77AB01DA44D1600C782B0 /* Debug */,
				4FB77AB11DA44D1600C782B0 /* Release */,
			);
			defaultConfigurationIsVisible = 0;
			defaultConfigurationName = Release;
		};
		4FB77AB21DA44D1600C782B0 /* Build configuration list for PBXNativeTarget "Lostify" */ = {
			isa = XCConfigurationList;
			buildConfigurations = (
				4FB77AB31DA44D1600C782B0 /* Debug */,
				4FB77AB41DA44D1600C782B0 /* Release */,
			);
			defaultConfigurationIsVisible = 0;
			defaultConfigurationName = Release;
		};
		4FB77AB51DA44D1600C782B0 /* Build configuration list for PBXNativeTarget "LostifyTests" */ = {
			isa = XCConfigurationList;
			buildConfigurations = (
				4FB77AB61DA44D1600C782B0 /* Debug */,
				4FB77AB71DA44D1600C782B0 /* Release */,
			);
			defaultConfigurationIsVisible = 0;
			defaultConfigurationName = Release;
		};
/* End XCConfigurationList section */
	};
	rootObject = 4FB77A8D1DA44D1500C782B0 /* Project object */;
}
